// !$*UTF8*$!
{
	archiveVersion = 1;
	classes = {
	};
	objectVersion = 48;
	objects = {

/* Begin PBXBuildFile section */
		22ECA0A1F10339EFA51E89DD /* Pods_BeaconScience.framework in Frameworks */ = {isa = PBXBuildFile; fileRef = 384AB87D8C8214876CCB82A0 /* Pods_BeaconScience.framework */; };
		DA0CFAA620E36AC60028861B /* ChatChoiceCell.swift in Sources */ = {isa = PBXBuildFile; fileRef = DA0CFAA420E36AC60028861B /* ChatChoiceCell.swift */; };
		DA0CFAA720E36AC60028861B /* ChatChoiceCell.xib in Resources */ = {isa = PBXBuildFile; fileRef = DA0CFAA520E36AC60028861B /* ChatChoiceCell.xib */; };
		DA1A7C1820EE03A3001A8154 /* Intro3.txt in Resources */ = {isa = PBXBuildFile; fileRef = DA1A7C1720EE03A3001A8154 /* Intro3.txt */; };
		DA1A7C1C20EE0FDB001A8154 /* NotiView.swift in Sources */ = {isa = PBXBuildFile; fileRef = DA1A7C1B20EE0FDB001A8154 /* NotiView.swift */; };
		DA1D5E36200742B000BEE807 /* AppDelegate.swift in Sources */ = {isa = PBXBuildFile; fileRef = DA1D5E35200742B000BEE807 /* AppDelegate.swift */; };
		DA1D5E3D200742B000BEE807 /* Main.storyboard in Resources */ = {isa = PBXBuildFile; fileRef = DA1D5E3B200742B000BEE807 /* Main.storyboard */; };
		DA1D5E3F200742B000BEE807 /* Assets.xcassets in Resources */ = {isa = PBXBuildFile; fileRef = DA1D5E3E200742B000BEE807 /* Assets.xcassets */; };
		DA1D5E42200742B000BEE807 /* LaunchScreen.storyboard in Resources */ = {isa = PBXBuildFile; fileRef = DA1D5E40200742B000BEE807 /* LaunchScreen.storyboard */; };
		DA1D5E4F200857E300BEE807 /* ChatRoomVC.swift in Sources */ = {isa = PBXBuildFile; fileRef = DA1D5E4D200857E300BEE807 /* ChatRoomVC.swift */; };
		DA1D5E52200C833A00BEE807 /* TimeLineVC.swift in Sources */ = {isa = PBXBuildFile; fileRef = DA1D5E51200C833A00BEE807 /* TimeLineVC.swift */; };
		DA1D5E54200C83CC00BEE807 /* MeVC.swift in Sources */ = {isa = PBXBuildFile; fileRef = DA1D5E53200C83CC00BEE807 /* MeVC.swift */; };
		DA1D5E57200C851200BEE807 /* ChatBaseCell.swift in Sources */ = {isa = PBXBuildFile; fileRef = DA1D5E55200C851200BEE807 /* ChatBaseCell.swift */; };
		DA1D5E58200C851200BEE807 /* ChatBaseCell.xib in Resources */ = {isa = PBXBuildFile; fileRef = DA1D5E56200C851200BEE807 /* ChatBaseCell.xib */; };
		DA1D5E5A200C999200BEE807 /* StringTransformer.swift in Sources */ = {isa = PBXBuildFile; fileRef = DA1D5E59200C999200BEE807 /* StringTransformer.swift */; };
		DA1D5E63200F307200BEE807 /* Intro1.txt in Resources */ = {isa = PBXBuildFile; fileRef = DA1D5E62200F307200BEE807 /* Intro1.txt */; };
		DA1D5E6A2015F28C00BEE807 /* NotificationCenterX.swift in Sources */ = {isa = PBXBuildFile; fileRef = DA1D5E692015F28C00BEE807 /* NotificationCenterX.swift */; };
		DA2501BD20E4BD65007F80FC /* CancelableDelay.swift in Sources */ = {isa = PBXBuildFile; fileRef = DA2501BC20E4BD65007F80FC /* CancelableDelay.swift */; };
		DA2501BF20E4D5D2007F80FC /* Intro2.txt in Resources */ = {isa = PBXBuildFile; fileRef = DA2501BE20E4D5D2007F80FC /* Intro2.txt */; };
		DA27C3DD2029A90C005DD70C /* Defaults.swift in Sources */ = {isa = PBXBuildFile; fileRef = DA27C3DC2029A90C005DD70C /* Defaults.swift */; };
		DA304A7C20EF4B3E00462048 /* Testor-1.txt in Resources */ = {isa = PBXBuildFile; fileRef = DA304A7B20EF4B3E00462048 /* Testor-1.txt */; };
		DA304A7E20EF4DF900462048 /* Testor-2.txt in Resources */ = {isa = PBXBuildFile; fileRef = DA304A7D20EF4DF900462048 /* Testor-2.txt */; };
		DA304A8020EF4F5900462048 /* Testor2-1.txt in Resources */ = {isa = PBXBuildFile; fileRef = DA304A7F20EF4F5900462048 /* Testor2-1.txt */; };
		DA306241211D2A0C0082F52D /* PMSuperButton.swift in Sources */ = {isa = PBXBuildFile; fileRef = DA306240211D2A0C0082F52D /* PMSuperButton.swift */; };
		DA306244211D38500082F52D /* ChoiceTableView.swift in Sources */ = {isa = PBXBuildFile; fileRef = DA306243211D38500082F52D /* ChoiceTableView.swift */; };
		DA31936B20F49798004D8897 /* ChatListCell.swift in Sources */ = {isa = PBXBuildFile; fileRef = DA31936920F49798004D8897 /* ChatListCell.swift */; };
		DA31936C20F49798004D8897 /* ChatListCell.xib in Resources */ = {isa = PBXBuildFile; fileRef = DA31936A20F49798004D8897 /* ChatListCell.xib */; };
		DA43CA60212F3E2300AACDB3 /* ArticleCell.swift in Sources */ = {isa = PBXBuildFile; fileRef = DA43CA5E212F3E2300AACDB3 /* ArticleCell.swift */; };
		DA43CA61212F3E2300AACDB3 /* ArticleCell.xib in Resources */ = {isa = PBXBuildFile; fileRef = DA43CA5F212F3E2300AACDB3 /* ArticleCell.xib */; };
		DA48AF8920F882F600891ACC /* Conversations.swift in Sources */ = {isa = PBXBuildFile; fileRef = DA48AF8820F882F600891ACC /* Conversations.swift */; };
		DA48AF8B20F88D0F00891ACC /* Messages.swift in Sources */ = {isa = PBXBuildFile; fileRef = DA48AF8A20F88D0F00891ACC /* Messages.swift */; };
		DA4A1B8121367C7E0014FF89 /* MeAvatarCell.swift in Sources */ = {isa = PBXBuildFile; fileRef = DA4A1B7F21367C7E0014FF89 /* MeAvatarCell.swift */; };
		DA4A1B8221367C7E0014FF89 /* MeAvatarCell.xib in Resources */ = {isa = PBXBuildFile; fileRef = DA4A1B8021367C7E0014FF89 /* MeAvatarCell.xib */; };
		DA4A1B8521367E9D0014FF89 /* MeItemCell.swift in Sources */ = {isa = PBXBuildFile; fileRef = DA4A1B8321367E9D0014FF89 /* MeItemCell.swift */; };
		DA4A1B8621367E9D0014FF89 /* MeItemCell.xib in Resources */ = {isa = PBXBuildFile; fileRef = DA4A1B8421367E9D0014FF89 /* MeItemCell.xib */; };
		DA4BF49F20F5D742005FAB9E /* Convenient.swift in Sources */ = {isa = PBXBuildFile; fileRef = DA4BF49E20F5D742005FAB9E /* Convenient.swift */; };
		DA5A04B72114044500801C83 /* ChoiceCardView.swift in Sources */ = {isa = PBXBuildFile; fileRef = DA5A04B62114044500801C83 /* ChoiceCardView.swift */; };
		DA5A04C921141ECF00801C83 /* SKColor+Extensions.swift in Sources */ = {isa = PBXBuildFile; fileRef = DA5A04BD21141ECF00801C83 /* SKColor+Extensions.swift */; };
		DA5A04CA21141ECF00801C83 /* CGVector+Extensions.swift in Sources */ = {isa = PBXBuildFile; fileRef = DA5A04BE21141ECF00801C83 /* CGVector+Extensions.swift */; };
		DA5A04CB21141ECF00801C83 /* Int+Extensions.swift in Sources */ = {isa = PBXBuildFile; fileRef = DA5A04BF21141ECF00801C83 /* Int+Extensions.swift */; };
		DA5A04CC21141ECF00801C83 /* SKTTimingFunctions.swift in Sources */ = {isa = PBXBuildFile; fileRef = DA5A04C021141ECF00801C83 /* SKTTimingFunctions.swift */; };
		DA5A04CD21141ECF00801C83 /* SKAction+Extensions.swift in Sources */ = {isa = PBXBuildFile; fileRef = DA5A04C121141ECF00801C83 /* SKAction+Extensions.swift */; };
		DA5A04CE21141ECF00801C83 /* SKAction+SpecialEffects.swift in Sources */ = {isa = PBXBuildFile; fileRef = DA5A04C221141ECF00801C83 /* SKAction+SpecialEffects.swift */; };
		DA5A04CF21141ECF00801C83 /* SKNode+Extensions.swift in Sources */ = {isa = PBXBuildFile; fileRef = DA5A04C321141ECF00801C83 /* SKNode+Extensions.swift */; };
		DA5A04D021141ECF00801C83 /* CGPoint+Extensions.swift in Sources */ = {isa = PBXBuildFile; fileRef = DA5A04C421141ECF00801C83 /* CGPoint+Extensions.swift */; };
		DA5A04D121141ECF00801C83 /* SKTEffects.swift in Sources */ = {isa = PBXBuildFile; fileRef = DA5A04C521141ECF00801C83 /* SKTEffects.swift */; };
		DA5A04D221141ECF00801C83 /* SKTAudio.swift in Sources */ = {isa = PBXBuildFile; fileRef = DA5A04C621141ECF00801C83 /* SKTAudio.swift */; };
		DA5A04D321141ECF00801C83 /* Vector3.swift in Sources */ = {isa = PBXBuildFile; fileRef = DA5A04C721141ECF00801C83 /* Vector3.swift */; };
		DA5A04D421141ECF00801C83 /* CGFloat+Extensions.swift in Sources */ = {isa = PBXBuildFile; fileRef = DA5A04C821141ECF00801C83 /* CGFloat+Extensions.swift */; };
		DA5A04D62114244100801C83 /* StringHelper.swift in Sources */ = {isa = PBXBuildFile; fileRef = DA5A04D52114244100801C83 /* StringHelper.swift */; };
		DA749D3E212AC9D60065AEAF /* ChatChosenCell.swift in Sources */ = {isa = PBXBuildFile; fileRef = DA749D3C212AC9D60065AEAF /* ChatChosenCell.swift */; };
		DA749D3F212AC9D60065AEAF /* ChatChosenCell.xib in Resources */ = {isa = PBXBuildFile; fileRef = DA749D3D212AC9D60065AEAF /* ChatChosenCell.xib */; };
		DA9C31A82043F8D200E49915 /* IBInspectable.swift in Sources */ = {isa = PBXBuildFile; fileRef = DA9C31A72043F8D200E49915 /* IBInspectable.swift */; };
		DAD023A021305D7F00D587F1 /* ImageCell.swift in Sources */ = {isa = PBXBuildFile; fileRef = DAD0239E21305D7F00D587F1 /* ImageCell.swift */; };
		DAD023A121305D7F00D587F1 /* ImageCell.xib in Resources */ = {isa = PBXBuildFile; fileRef = DAD0239F21305D7F00D587F1 /* ImageCell.xib */; };
		DAD023A4213061EA00D587F1 /* PlainTextCell.swift in Sources */ = {isa = PBXBuildFile; fileRef = DAD023A2213061EA00D587F1 /* PlainTextCell.swift */; };
		DAD023A5213061EA00D587F1 /* PlainTextCell.xib in Resources */ = {isa = PBXBuildFile; fileRef = DAD023A3213061EA00D587F1 /* PlainTextCell.xib */; };
		DAD023A82133EF8900D587F1 /* 新员工手册.md in Resources */ = {isa = PBXBuildFile; fileRef = DAD023A72133EF8900D587F1 /* 新员工手册.md */; };
		DAD023AA2133FF5700D587F1 /* Router.swift in Sources */ = {isa = PBXBuildFile; fileRef = DAD023A92133FF5700D587F1 /* Router.swift */; };
		DAD023AE2134025800D587F1 /* ArticleDetailVC.swift in Sources */ = {isa = PBXBuildFile; fileRef = DAD023AD2134025800D587F1 /* ArticleDetailVC.swift */; };
		DADE040F20E5DA41000007ED /* News1.txt in Resources */ = {isa = PBXBuildFile; fileRef = DADE040E20E5DA41000007ED /* News1.txt */; };
		DAEF3ADB205284800084DE1F /* Repeater.swift in Sources */ = {isa = PBXBuildFile; fileRef = DAEF3ADA205284800084DE1F /* Repeater.swift */; };
/* End PBXBuildFile section */

/* Begin PBXFileReference section */
		297FA7280375B1A4728F0C99 /* Pods-BeaconScience.debug.xcconfig */ = {isa = PBXFileReference; includeInIndex = 1; lastKnownFileType = text.xcconfig; name = "Pods-BeaconScience.debug.xcconfig"; path = "Pods/Target Support Files/Pods-BeaconScience/Pods-BeaconScience.debug.xcconfig"; sourceTree = "<group>"; };
		384AB87D8C8214876CCB82A0 /* Pods_BeaconScience.framework */ = {isa = PBXFileReference; explicitFileType = wrapper.framework; includeInIndex = 0; path = Pods_BeaconScience.framework; sourceTree = BUILT_PRODUCTS_DIR; };
		DA0CFAA420E36AC60028861B /* ChatChoiceCell.swift */ = {isa = PBXFileReference; lastKnownFileType = sourcecode.swift; path = ChatChoiceCell.swift; sourceTree = "<group>"; };
		DA0CFAA520E36AC60028861B /* ChatChoiceCell.xib */ = {isa = PBXFileReference; lastKnownFileType = file.xib; path = ChatChoiceCell.xib; sourceTree = "<group>"; };
		DA1A7C1720EE03A3001A8154 /* Intro3.txt */ = {isa = PBXFileReference; lastKnownFileType = text; path = Intro3.txt; sourceTree = "<group>"; };
		DA1A7C1B20EE0FDB001A8154 /* NotiView.swift */ = {isa = PBXFileReference; lastKnownFileType = sourcecode.swift; path = NotiView.swift; sourceTree = "<group>"; };
		DA1D5E32200742B000BEE807 /* BeaconScience.app */ = {isa = PBXFileReference; explicitFileType = wrapper.application; includeInIndex = 0; path = BeaconScience.app; sourceTree = BUILT_PRODUCTS_DIR; };
		DA1D5E35200742B000BEE807 /* AppDelegate.swift */ = {isa = PBXFileReference; lastKnownFileType = sourcecode.swift; path = AppDelegate.swift; sourceTree = "<group>"; };
		DA1D5E3C200742B000BEE807 /* Base */ = {isa = PBXFileReference; lastKnownFileType = file.storyboard; name = Base; path = Base.lproj/Main.storyboard; sourceTree = "<group>"; };
		DA1D5E3E200742B000BEE807 /* Assets.xcassets */ = {isa = PBXFileReference; lastKnownFileType = folder.assetcatalog; path = Assets.xcassets; sourceTree = "<group>"; };
		DA1D5E41200742B000BEE807 /* Base */ = {isa = PBXFileReference; lastKnownFileType = file.storyboard; name = Base; path = Base.lproj/LaunchScreen.storyboard; sourceTree = "<group>"; };
		DA1D5E43200742B000BEE807 /* Info.plist */ = {isa = PBXFileReference; lastKnownFileType = text.plist.xml; path = Info.plist; sourceTree = "<group>"; };
		DA1D5E4D200857E300BEE807 /* ChatRoomVC.swift */ = {isa = PBXFileReference; lastKnownFileType = sourcecode.swift; path = ChatRoomVC.swift; sourceTree = "<group>"; };
		DA1D5E51200C833A00BEE807 /* TimeLineVC.swift */ = {isa = PBXFileReference; lastKnownFileType = sourcecode.swift; path = TimeLineVC.swift; sourceTree = "<group>"; };
		DA1D5E53200C83CC00BEE807 /* MeVC.swift */ = {isa = PBXFileReference; lastKnownFileType = sourcecode.swift; path = MeVC.swift; sourceTree = "<group>"; };
		DA1D5E55200C851200BEE807 /* ChatBaseCell.swift */ = {isa = PBXFileReference; lastKnownFileType = sourcecode.swift; path = ChatBaseCell.swift; sourceTree = "<group>"; };
		DA1D5E56200C851200BEE807 /* ChatBaseCell.xib */ = {isa = PBXFileReference; lastKnownFileType = file.xib; path = ChatBaseCell.xib; sourceTree = "<group>"; };
		DA1D5E59200C999200BEE807 /* StringTransformer.swift */ = {isa = PBXFileReference; lastKnownFileType = sourcecode.swift; path = StringTransformer.swift; sourceTree = "<group>"; };
		DA1D5E62200F307200BEE807 /* Intro1.txt */ = {isa = PBXFileReference; lastKnownFileType = text; path = Intro1.txt; sourceTree = "<group>"; };
		DA1D5E692015F28C00BEE807 /* NotificationCenterX.swift */ = {isa = PBXFileReference; lastKnownFileType = sourcecode.swift; path = NotificationCenterX.swift; sourceTree = "<group>"; };
		DA2501BC20E4BD65007F80FC /* CancelableDelay.swift */ = {isa = PBXFileReference; lastKnownFileType = sourcecode.swift; path = CancelableDelay.swift; sourceTree = "<group>"; };
		DA2501BE20E4D5D2007F80FC /* Intro2.txt */ = {isa = PBXFileReference; lastKnownFileType = text; path = Intro2.txt; sourceTree = "<group>"; };
		DA27C3DC2029A90C005DD70C /* Defaults.swift */ = {isa = PBXFileReference; lastKnownFileType = sourcecode.swift; path = Defaults.swift; sourceTree = "<group>"; };
		DA304A7B20EF4B3E00462048 /* Testor-1.txt */ = {isa = PBXFileReference; lastKnownFileType = text; path = "Testor-1.txt"; sourceTree = "<group>"; };
		DA304A7D20EF4DF900462048 /* Testor-2.txt */ = {isa = PBXFileReference; lastKnownFileType = text; path = "Testor-2.txt"; sourceTree = "<group>"; };
		DA304A7F20EF4F5900462048 /* Testor2-1.txt */ = {isa = PBXFileReference; lastKnownFileType = text; path = "Testor2-1.txt"; sourceTree = "<group>"; };
		DA306240211D2A0C0082F52D /* PMSuperButton.swift */ = {isa = PBXFileReference; fileEncoding = 4; lastKnownFileType = sourcecode.swift; path = PMSuperButton.swift; sourceTree = "<group>"; };
		DA306243211D38500082F52D /* ChoiceTableView.swift */ = {isa = PBXFileReference; lastKnownFileType = sourcecode.swift; path = ChoiceTableView.swift; sourceTree = "<group>"; };
		DA31936920F49798004D8897 /* ChatListCell.swift */ = {isa = PBXFileReference; lastKnownFileType = sourcecode.swift; path = ChatListCell.swift; sourceTree = "<group>"; };
		DA31936A20F49798004D8897 /* ChatListCell.xib */ = {isa = PBXFileReference; lastKnownFileType = file.xib; path = ChatListCell.xib; sourceTree = "<group>"; };
		DA43CA5E212F3E2300AACDB3 /* ArticleCell.swift */ = {isa = PBXFileReference; lastKnownFileType = sourcecode.swift; path = ArticleCell.swift; sourceTree = "<group>"; };
		DA43CA5F212F3E2300AACDB3 /* ArticleCell.xib */ = {isa = PBXFileReference; lastKnownFileType = file.xib; path = ArticleCell.xib; sourceTree = "<group>"; };
		DA48AF8820F882F600891ACC /* Conversations.swift */ = {isa = PBXFileReference; lastKnownFileType = sourcecode.swift; path = Conversations.swift; sourceTree = "<group>"; };
		DA48AF8A20F88D0F00891ACC /* Messages.swift */ = {isa = PBXFileReference; lastKnownFileType = sourcecode.swift; path = Messages.swift; sourceTree = "<group>"; };
		DA4A1B7F21367C7E0014FF89 /* MeAvatarCell.swift */ = {isa = PBXFileReference; lastKnownFileType = sourcecode.swift; path = MeAvatarCell.swift; sourceTree = "<group>"; };
		DA4A1B8021367C7E0014FF89 /* MeAvatarCell.xib */ = {isa = PBXFileReference; lastKnownFileType = file.xib; path = MeAvatarCell.xib; sourceTree = "<group>"; };
		DA4A1B8321367E9D0014FF89 /* MeItemCell.swift */ = {isa = PBXFileReference; lastKnownFileType = sourcecode.swift; path = MeItemCell.swift; sourceTree = "<group>"; };
		DA4A1B8421367E9D0014FF89 /* MeItemCell.xib */ = {isa = PBXFileReference; lastKnownFileType = file.xib; path = MeItemCell.xib; sourceTree = "<group>"; };
		DA4BF49E20F5D742005FAB9E /* Convenient.swift */ = {isa = PBXFileReference; lastKnownFileType = sourcecode.swift; path = Convenient.swift; sourceTree = "<group>"; };
		DA5A04B62114044500801C83 /* ChoiceCardView.swift */ = {isa = PBXFileReference; lastKnownFileType = sourcecode.swift; path = ChoiceCardView.swift; sourceTree = "<group>"; };
		DA5A04BD21141ECF00801C83 /* SKColor+Extensions.swift */ = {isa = PBXFileReference; fileEncoding = 4; lastKnownFileType = sourcecode.swift; path = "SKColor+Extensions.swift"; sourceTree = "<group>"; };
		DA5A04BE21141ECF00801C83 /* CGVector+Extensions.swift */ = {isa = PBXFileReference; fileEncoding = 4; lastKnownFileType = sourcecode.swift; path = "CGVector+Extensions.swift"; sourceTree = "<group>"; };
		DA5A04BF21141ECF00801C83 /* Int+Extensions.swift */ = {isa = PBXFileReference; fileEncoding = 4; lastKnownFileType = sourcecode.swift; path = "Int+Extensions.swift"; sourceTree = "<group>"; };
		DA5A04C021141ECF00801C83 /* SKTTimingFunctions.swift */ = {isa = PBXFileReference; fileEncoding = 4; lastKnownFileType = sourcecode.swift; path = SKTTimingFunctions.swift; sourceTree = "<group>"; };
		DA5A04C121141ECF00801C83 /* SKAction+Extensions.swift */ = {isa = PBXFileReference; fileEncoding = 4; lastKnownFileType = sourcecode.swift; path = "SKAction+Extensions.swift"; sourceTree = "<group>"; };
		DA5A04C221141ECF00801C83 /* SKAction+SpecialEffects.swift */ = {isa = PBXFileReference; fileEncoding = 4; lastKnownFileType = sourcecode.swift; path = "SKAction+SpecialEffects.swift"; sourceTree = "<group>"; };
		DA5A04C321141ECF00801C83 /* SKNode+Extensions.swift */ = {isa = PBXFileReference; fileEncoding = 4; lastKnownFileType = sourcecode.swift; path = "SKNode+Extensions.swift"; sourceTree = "<group>"; };
		DA5A04C421141ECF00801C83 /* CGPoint+Extensions.swift */ = {isa = PBXFileReference; fileEncoding = 4; lastKnownFileType = sourcecode.swift; path = "CGPoint+Extensions.swift"; sourceTree = "<group>"; };
		DA5A04C521141ECF00801C83 /* SKTEffects.swift */ = {isa = PBXFileReference; fileEncoding = 4; lastKnownFileType = sourcecode.swift; path = SKTEffects.swift; sourceTree = "<group>"; };
		DA5A04C621141ECF00801C83 /* SKTAudio.swift */ = {isa = PBXFileReference; fileEncoding = 4; lastKnownFileType = sourcecode.swift; path = SKTAudio.swift; sourceTree = "<group>"; };
		DA5A04C721141ECF00801C83 /* Vector3.swift */ = {isa = PBXFileReference; fileEncoding = 4; lastKnownFileType = sourcecode.swift; path = Vector3.swift; sourceTree = "<group>"; };
		DA5A04C821141ECF00801C83 /* CGFloat+Extensions.swift */ = {isa = PBXFileReference; fileEncoding = 4; lastKnownFileType = sourcecode.swift; path = "CGFloat+Extensions.swift"; sourceTree = "<group>"; };
		DA5A04D52114244100801C83 /* StringHelper.swift */ = {isa = PBXFileReference; lastKnownFileType = sourcecode.swift; path = StringHelper.swift; sourceTree = "<group>"; };
		DA749D3C212AC9D60065AEAF /* ChatChosenCell.swift */ = {isa = PBXFileReference; lastKnownFileType = sourcecode.swift; path = ChatChosenCell.swift; sourceTree = "<group>"; };
		DA749D3D212AC9D60065AEAF /* ChatChosenCell.xib */ = {isa = PBXFileReference; lastKnownFileType = file.xib; path = ChatChosenCell.xib; sourceTree = "<group>"; };
		DA9C31A72043F8D200E49915 /* IBInspectable.swift */ = {isa = PBXFileReference; lastKnownFileType = sourcecode.swift; path = IBInspectable.swift; sourceTree = "<group>"; };
		DAD0239E21305D7F00D587F1 /* ImageCell.swift */ = {isa = PBXFileReference; lastKnownFileType = sourcecode.swift; path = ImageCell.swift; sourceTree = "<group>"; };
		DAD0239F21305D7F00D587F1 /* ImageCell.xib */ = {isa = PBXFileReference; lastKnownFileType = file.xib; path = ImageCell.xib; sourceTree = "<group>"; };
		DAD023A2213061EA00D587F1 /* PlainTextCell.swift */ = {isa = PBXFileReference; lastKnownFileType = sourcecode.swift; path = PlainTextCell.swift; sourceTree = "<group>"; };
		DAD023A3213061EA00D587F1 /* PlainTextCell.xib */ = {isa = PBXFileReference; lastKnownFileType = file.xib; path = PlainTextCell.xib; sourceTree = "<group>"; };
		DAD023A72133EF8900D587F1 /* 新员工手册.md */ = {isa = PBXFileReference; fileEncoding = 4; lastKnownFileType = net.daringfireball.markdown; path = "新员工手册.md"; sourceTree = "<group>"; };
		DAD023A92133FF5700D587F1 /* Router.swift */ = {isa = PBXFileReference; lastKnownFileType = sourcecode.swift; path = Router.swift; sourceTree = "<group>"; };
		DAD023AD2134025800D587F1 /* ArticleDetailVC.swift */ = {isa = PBXFileReference; lastKnownFileType = sourcecode.swift; path = ArticleDetailVC.swift; sourceTree = "<group>"; };
		DADE040E20E5DA41000007ED /* News1.txt */ = {isa = PBXFileReference; lastKnownFileType = text; path = News1.txt; sourceTree = "<group>"; };
		DAEF3ADA205284800084DE1F /* Repeater.swift */ = {isa = PBXFileReference; fileEncoding = 4; lastKnownFileType = sourcecode.swift; path = Repeater.swift; sourceTree = "<group>"; };
		FF665B0156DEB42B76A78349 /* Pods-BeaconScience.release.xcconfig */ = {isa = PBXFileReference; includeInIndex = 1; lastKnownFileType = text.xcconfig; name = "Pods-BeaconScience.release.xcconfig"; path = "Pods/Target Support Files/Pods-BeaconScience/Pods-BeaconScience.release.xcconfig"; sourceTree = "<group>"; };
/* End PBXFileReference section */

/* Begin PBXFrameworksBuildPhase section */
		DA1D5E2F200742B000BEE807 /* Frameworks */ = {
			isa = PBXFrameworksBuildPhase;
			buildActionMask = 2147483647;
			files = (
				22ECA0A1F10339EFA51E89DD /* Pods_BeaconScience.framework in Frameworks */,
			);
			runOnlyForDeploymentPostprocessing = 0;
		};
/* End PBXFrameworksBuildPhase section */

/* Begin PBXGroup section */
		3C0EA5298D1485AE4D337194 /* Pods */ = {
			isa = PBXGroup;
			children = (
				297FA7280375B1A4728F0C99 /* Pods-BeaconScience.debug.xcconfig */,
				FF665B0156DEB42B76A78349 /* Pods-BeaconScience.release.xcconfig */,
			);
			name = Pods;
			sourceTree = "<group>";
		};
		DA0CFAA820E377090028861B /* Cells */ = {
			isa = PBXGroup;
			children = (
				DA0CFAA420E36AC60028861B /* ChatChoiceCell.swift */,
				DA0CFAA520E36AC60028861B /* ChatChoiceCell.xib */,
				DA1D5E55200C851200BEE807 /* ChatBaseCell.swift */,
				DA1D5E56200C851200BEE807 /* ChatBaseCell.xib */,
				DA31936920F49798004D8897 /* ChatListCell.swift */,
				DA31936A20F49798004D8897 /* ChatListCell.xib */,
				DA749D3C212AC9D60065AEAF /* ChatChosenCell.swift */,
				DA749D3D212AC9D60065AEAF /* ChatChosenCell.xib */,
			);
			path = Cells;
			sourceTree = "<group>";
		};
		DA1D5E29200742B000BEE807 = {
			isa = PBXGroup;
			children = (
				DA1D5E34200742B000BEE807 /* BeaconScience */,
				DA1D5E33200742B000BEE807 /* Products */,
				3C0EA5298D1485AE4D337194 /* Pods */,
				F14590F38789B21EA769F28B /* Frameworks */,
			);
			sourceTree = "<group>";
		};
		DA1D5E33200742B000BEE807 /* Products */ = {
			isa = PBXGroup;
			children = (
				DA1D5E32200742B000BEE807 /* BeaconScience.app */,
			);
			name = Products;
			sourceTree = "<group>";
		};
		DA1D5E34200742B000BEE807 /* BeaconScience */ = {
			isa = PBXGroup;
			children = (
				DA1D5E64200F32E000BEE807 /* Architecture */,
				DAEF3AD82052761A0084DE1F /* Contents */,
				DA1D5E66200F337A00BEE807 /* ChatRoom */,
				DA1D5E67200F338700BEE807 /* TimeLine */,
				DAD023AB213400D300D587F1 /* Me */,
				DAEF3AD9205276A00084DE1F /* MiniGames */,
				DA1D5E68200F33A400BEE807 /* Utils */,
				DA1D5E5B200F280D00BEE807 /* StoryLines */,
				DA306242211D377D0082F52D /* Recycle Bin */,
				DA1D5E65200F331A00BEE807 /* Resources */,
			);
			path = BeaconScience;
			sourceTree = "<group>";
		};
		DA1D5E5B200F280D00BEE807 /* StoryLines */ = {
			isa = PBXGroup;
			children = (
				DAD023A62133EF7500D587F1 /* Articles */,
				DA1D5E62200F307200BEE807 /* Intro1.txt */,
				DA2501BE20E4D5D2007F80FC /* Intro2.txt */,
				DA1A7C1720EE03A3001A8154 /* Intro3.txt */,
				DADE040E20E5DA41000007ED /* News1.txt */,
				DA304A7B20EF4B3E00462048 /* Testor-1.txt */,
				DA304A7D20EF4DF900462048 /* Testor-2.txt */,
				DA304A7F20EF4F5900462048 /* Testor2-1.txt */,
			);
			path = StoryLines;
			sourceTree = "<group>";
		};
		DA1D5E64200F32E000BEE807 /* Architecture */ = {
			isa = PBXGroup;
			children = (
				DA1D5E43200742B000BEE807 /* Info.plist */,
				DA1D5E35200742B000BEE807 /* AppDelegate.swift */,
				DA1D5E3B200742B000BEE807 /* Main.storyboard */,
				DA1D5E40200742B000BEE807 /* LaunchScreen.storyboard */,
				DA9C31A72043F8D200E49915 /* IBInspectable.swift */,
				DA2501BC20E4BD65007F80FC /* CancelableDelay.swift */,
				DAD023A92133FF5700D587F1 /* Router.swift */,
			);
			path = Architecture;
			sourceTree = "<group>";
		};
		DA1D5E65200F331A00BEE807 /* Resources */ = {
			isa = PBXGroup;
			children = (
				DA1D5E3E200742B000BEE807 /* Assets.xcassets */,
			);
			path = Resources;
			sourceTree = "<group>";
		};
		DA1D5E66200F337A00BEE807 /* ChatRoom */ = {
			isa = PBXGroup;
			children = (
				DA0CFAA820E377090028861B /* Cells */,
				DA1D5E4D200857E300BEE807 /* ChatRoomVC.swift */,
				DA306243211D38500082F52D /* ChoiceTableView.swift */,
			);
			path = ChatRoom;
			sourceTree = "<group>";
		};
		DA1D5E67200F338700BEE807 /* TimeLine */ = {
			isa = PBXGroup;
			children = (
				DAD023AC2134022E00D587F1 /* Cells */,
				DA1D5E51200C833A00BEE807 /* TimeLineVC.swift */,
				DAD023AD2134025800D587F1 /* ArticleDetailVC.swift */,
			);
			path = TimeLine;
			sourceTree = "<group>";
		};
		DA1D5E68200F33A400BEE807 /* Utils */ = {
			isa = PBXGroup;
			children = (
				DA5A04BC21141ECF00801C83 /* SKTUtils */,
				DA306240211D2A0C0082F52D /* PMSuperButton.swift */,
				DAEF3ADA205284800084DE1F /* Repeater.swift */,
				DA27C3DC2029A90C005DD70C /* Defaults.swift */,
				DA1A7C1B20EE0FDB001A8154 /* NotiView.swift */,
				DA4BF49E20F5D742005FAB9E /* Convenient.swift */,
				DA5A04D52114244100801C83 /* StringHelper.swift */,
			);
			path = Utils;
			sourceTree = "<group>";
		};
		DA306242211D377D0082F52D /* Recycle Bin */ = {
			isa = PBXGroup;
			children = (
				DA5A04B62114044500801C83 /* ChoiceCardView.swift */,
			);
			path = "Recycle Bin";
			sourceTree = "<group>";
		};
		DA5A04BC21141ECF00801C83 /* SKTUtils */ = {
			isa = PBXGroup;
			children = (
				DA5A04BD21141ECF00801C83 /* SKColor+Extensions.swift */,
				DA5A04BE21141ECF00801C83 /* CGVector+Extensions.swift */,
				DA5A04BF21141ECF00801C83 /* Int+Extensions.swift */,
				DA5A04C021141ECF00801C83 /* SKTTimingFunctions.swift */,
				DA5A04C121141ECF00801C83 /* SKAction+Extensions.swift */,
				DA5A04C221141ECF00801C83 /* SKAction+SpecialEffects.swift */,
				DA5A04C321141ECF00801C83 /* SKNode+Extensions.swift */,
				DA5A04C421141ECF00801C83 /* CGPoint+Extensions.swift */,
				DA5A04C521141ECF00801C83 /* SKTEffects.swift */,
				DA5A04C621141ECF00801C83 /* SKTAudio.swift */,
				DA5A04C721141ECF00801C83 /* Vector3.swift */,
				DA5A04C821141ECF00801C83 /* CGFloat+Extensions.swift */,
			);
			path = SKTUtils;
			sourceTree = "<group>";
		};
		DAD023A62133EF7500D587F1 /* Articles */ = {
			isa = PBXGroup;
			children = (
				DAD023A72133EF8900D587F1 /* 新员工手册.md */,
			);
			path = Articles;
			sourceTree = "<group>";
		};
		DAD023AB213400D300D587F1 /* Me */ = {
			isa = PBXGroup;
			children = (
				DA1D5E53200C83CC00BEE807 /* MeVC.swift */,
				DA4A1B7F21367C7E0014FF89 /* MeAvatarCell.swift */,
				DA4A1B8021367C7E0014FF89 /* MeAvatarCell.xib */,
				DA4A1B8321367E9D0014FF89 /* MeItemCell.swift */,
				DA4A1B8421367E9D0014FF89 /* MeItemCell.xib */,
			);
			path = Me;
			sourceTree = "<group>";
		};
		DAD023AC2134022E00D587F1 /* Cells */ = {
			isa = PBXGroup;
			children = (
				DA43CA5E212F3E2300AACDB3 /* ArticleCell.swift */,
				DA43CA5F212F3E2300AACDB3 /* ArticleCell.xib */,
				DAD0239E21305D7F00D587F1 /* ImageCell.swift */,
				DAD0239F21305D7F00D587F1 /* ImageCell.xib */,
				DAD023A2213061EA00D587F1 /* PlainTextCell.swift */,
				DAD023A3213061EA00D587F1 /* PlainTextCell.xib */,
			);
			path = Cells;
			sourceTree = "<group>";
		};
		DAEF3AD82052761A0084DE1F /* Contents */ = {
			isa = PBXGroup;
			children = (
				DA1D5E59200C999200BEE807 /* StringTransformer.swift */,
				DA1D5E692015F28C00BEE807 /* NotificationCenterX.swift */,
				DA48AF8820F882F600891ACC /* Conversations.swift */,
				DA48AF8A20F88D0F00891ACC /* Messages.swift */,
			);
			path = Contents;
			sourceTree = "<group>";
		};
		DAEF3AD9205276A00084DE1F /* MiniGames */ = {
			isa = PBXGroup;
			children = (
			);
			path = MiniGames;
			sourceTree = "<group>";
		};
		F14590F38789B21EA769F28B /* Frameworks */ = {
			isa = PBXGroup;
			children = (
				384AB87D8C8214876CCB82A0 /* Pods_BeaconScience.framework */,
			);
			name = Frameworks;
			sourceTree = "<group>";
		};
/* End PBXGroup section */

/* Begin PBXNativeTarget section */
		DA1D5E31200742B000BEE807 /* BeaconScience */ = {
			isa = PBXNativeTarget;
			buildConfigurationList = DA1D5E46200742B000BEE807 /* Build configuration list for PBXNativeTarget "BeaconScience" */;
			buildPhases = (
				D459D783B32592E47D13A620 /* [CP] Check Pods Manifest.lock */,
				DA1D5E2E200742B000BEE807 /* Sources */,
				DA1D5E2F200742B000BEE807 /* Frameworks */,
				DA1D5E30200742B000BEE807 /* Resources */,
				AC217F9A6425A94F47A4A824 /* [CP] Embed Pods Frameworks */,
			);
			buildRules = (
			);
			dependencies = (
			);
			name = BeaconScience;
			productName = BeaconScience;
			productReference = DA1D5E32200742B000BEE807 /* BeaconScience.app */;
			productType = "com.apple.product-type.application";
		};
/* End PBXNativeTarget section */

/* Begin PBXProject section */
		DA1D5E2A200742B000BEE807 /* Project object */ = {
			isa = PBXProject;
			attributes = {
				LastSwiftUpdateCheck = 0920;
				LastUpgradeCheck = 0920;
				ORGANIZATIONNAME = "Xtuphe's";
				TargetAttributes = {
					DA1D5E31200742B000BEE807 = {
						CreatedOnToolsVersion = 9.2;
						ProvisioningStyle = Automatic;
					};
				};
			};
			buildConfigurationList = DA1D5E2D200742B000BEE807 /* Build configuration list for PBXProject "BeaconScience" */;
			compatibilityVersion = "Xcode 8.0";
			developmentRegion = en;
			hasScannedForEncodings = 0;
			knownRegions = (
				en,
				Base,
			);
			mainGroup = DA1D5E29200742B000BEE807;
			productRefGroup = DA1D5E33200742B000BEE807 /* Products */;
			projectDirPath = "";
			projectRoot = "";
			targets = (
				DA1D5E31200742B000BEE807 /* BeaconScience */,
			);
		};
/* End PBXProject section */

/* Begin PBXResourcesBuildPhase section */
		DA1D5E30200742B000BEE807 /* Resources */ = {
			isa = PBXResourcesBuildPhase;
			buildActionMask = 2147483647;
			files = (
				DA304A7E20EF4DF900462048 /* Testor-2.txt in Resources */,
				DAD023A121305D7F00D587F1 /* ImageCell.xib in Resources */,
				DA304A7C20EF4B3E00462048 /* Testor-1.txt in Resources */,
				DAD023A82133EF8900D587F1 /* 新员工手册.md in Resources */,
				DAD023A5213061EA00D587F1 /* PlainTextCell.xib in Resources */,
				DA31936C20F49798004D8897 /* ChatListCell.xib in Resources */,
				DA1D5E58200C851200BEE807 /* ChatBaseCell.xib in Resources */,
				DA1D5E42200742B000BEE807 /* LaunchScreen.storyboard in Resources */,
				DA1D5E3F200742B000BEE807 /* Assets.xcassets in Resources */,
				DA1D5E3D200742B000BEE807 /* Main.storyboard in Resources */,
				DA0CFAA720E36AC60028861B /* ChatChoiceCell.xib in Resources */,
				DA2501BF20E4D5D2007F80FC /* Intro2.txt in Resources */,
				DA4A1B8621367E9D0014FF89 /* MeItemCell.xib in Resources */,
				DA4A1B8221367C7E0014FF89 /* MeAvatarCell.xib in Resources */,
				DA749D3F212AC9D60065AEAF /* ChatChosenCell.xib in Resources */,
				DA1A7C1820EE03A3001A8154 /* Intro3.txt in Resources */,
				DA304A8020EF4F5900462048 /* Testor2-1.txt in Resources */,
				DADE040F20E5DA41000007ED /* News1.txt in Resources */,
				DA43CA61212F3E2300AACDB3 /* ArticleCell.xib in Resources */,
				DA1D5E63200F307200BEE807 /* Intro1.txt in Resources */,
			);
			runOnlyForDeploymentPostprocessing = 0;
		};
/* End PBXResourcesBuildPhase section */

/* Begin PBXShellScriptBuildPhase section */
		AC217F9A6425A94F47A4A824 /* [CP] Embed Pods Frameworks */ = {
			isa = PBXShellScriptBuildPhase;
			buildActionMask = 2147483647;
			files = (
			);
			inputPaths = (
				"${SRCROOT}/Pods/Target Support Files/Pods-BeaconScience/Pods-BeaconScience-frameworks.sh",
				"${BUILT_PRODUCTS_DIR}/AMPopTip/AMPopTip.framework",
				"${BUILT_PRODUCTS_DIR}/MarkdownView/MarkdownView.framework",
				"${BUILT_PRODUCTS_DIR}/SKPhotoBrowser/SKPhotoBrowser.framework",
				"${BUILT_PRODUCTS_DIR}/SwiftMessages/SwiftMessages.framework",
			);
			name = "[CP] Embed Pods Frameworks";
			outputPaths = (
				"${TARGET_BUILD_DIR}/${FRAMEWORKS_FOLDER_PATH}/AMPopTip.framework",
				"${TARGET_BUILD_DIR}/${FRAMEWORKS_FOLDER_PATH}/MarkdownView.framework",
				"${TARGET_BUILD_DIR}/${FRAMEWORKS_FOLDER_PATH}/SKPhotoBrowser.framework",
				"${TARGET_BUILD_DIR}/${FRAMEWORKS_FOLDER_PATH}/SwiftMessages.framework",
			);
			runOnlyForDeploymentPostprocessing = 0;
			shellPath = /bin/sh;
			shellScript = "\"${SRCROOT}/Pods/Target Support Files/Pods-BeaconScience/Pods-BeaconScience-frameworks.sh\"\n";
			showEnvVarsInLog = 0;
		};
		D459D783B32592E47D13A620 /* [CP] Check Pods Manifest.lock */ = {
			isa = PBXShellScriptBuildPhase;
			buildActionMask = 2147483647;
			files = (
			);
			inputPaths = (
				"${PODS_PODFILE_DIR_PATH}/Podfile.lock",
				"${PODS_ROOT}/Manifest.lock",
			);
			name = "[CP] Check Pods Manifest.lock";
			outputPaths = (
				"$(DERIVED_FILE_DIR)/Pods-BeaconScience-checkManifestLockResult.txt",
			);
			runOnlyForDeploymentPostprocessing = 0;
			shellPath = /bin/sh;
			shellScript = "diff \"${PODS_PODFILE_DIR_PATH}/Podfile.lock\" \"${PODS_ROOT}/Manifest.lock\" > /dev/null\nif [ $? != 0 ] ; then\n    # print error to STDERR\n    echo \"error: The sandbox is not in sync with the Podfile.lock. Run 'pod install' or update your CocoaPods installation.\" >&2\n    exit 1\nfi\n# This output is used by Xcode 'outputs' to avoid re-running this script phase.\necho \"SUCCESS\" > \"${SCRIPT_OUTPUT_FILE_0}\"\n";
			showEnvVarsInLog = 0;
		};
/* End PBXShellScriptBuildPhase section */

/* Begin PBXSourcesBuildPhase section */
		DA1D5E2E200742B000BEE807 /* Sources */ = {
			isa = PBXSourcesBuildPhase;
			buildActionMask = 2147483647;
			files = (
				DA5A04CA21141ECF00801C83 /* CGVector+Extensions.swift in Sources */,
				DAEF3ADB205284800084DE1F /* Repeater.swift in Sources */,
				DA5A04CC21141ECF00801C83 /* SKTTimingFunctions.swift in Sources */,
				DA306244211D38500082F52D /* ChoiceTableView.swift in Sources */,
				DA48AF8B20F88D0F00891ACC /* Messages.swift in Sources */,
				DA5A04D321141ECF00801C83 /* Vector3.swift in Sources */,
				DA4A1B8121367C7E0014FF89 /* MeAvatarCell.swift in Sources */,
				DAD023AA2133FF5700D587F1 /* Router.swift in Sources */,
				DA5A04D021141ECF00801C83 /* CGPoint+Extensions.swift in Sources */,
				DA1D5E57200C851200BEE807 /* ChatBaseCell.swift in Sources */,
				DA31936B20F49798004D8897 /* ChatListCell.swift in Sources */,
				DA1D5E54200C83CC00BEE807 /* MeVC.swift in Sources */,
				DA5A04D62114244100801C83 /* StringHelper.swift in Sources */,
				DA5A04CF21141ECF00801C83 /* SKNode+Extensions.swift in Sources */,
				DA48AF8920F882F600891ACC /* Conversations.swift in Sources */,
				DA5A04CE21141ECF00801C83 /* SKAction+SpecialEffects.swift in Sources */,
				DA5A04CD21141ECF00801C83 /* SKAction+Extensions.swift in Sources */,
				DA749D3E212AC9D60065AEAF /* ChatChosenCell.swift in Sources */,
				DA5A04C921141ECF00801C83 /* SKColor+Extensions.swift in Sources */,
				DA1A7C1C20EE0FDB001A8154 /* NotiView.swift in Sources */,
				DA43CA60212F3E2300AACDB3 /* ArticleCell.swift in Sources */,
				DAD023A4213061EA00D587F1 /* PlainTextCell.swift in Sources */,
				DA1D5E4F200857E300BEE807 /* ChatRoomVC.swift in Sources */,
				DA5A04D421141ECF00801C83 /* CGFloat+Extensions.swift in Sources */,
				DA1D5E36200742B000BEE807 /* AppDelegate.swift in Sources */,
				DA5A04D121141ECF00801C83 /* SKTEffects.swift in Sources */,
				DA9C31A82043F8D200E49915 /* IBInspectable.swift in Sources */,
				DA1D5E5A200C999200BEE807 /* StringTransformer.swift in Sources */,
				DA4A1B8521367E9D0014FF89 /* MeItemCell.swift in Sources */,
				DA306241211D2A0C0082F52D /* PMSuperButton.swift in Sources */,
				DA5A04B72114044500801C83 /* ChoiceCardView.swift in Sources */,
				DA4BF49F20F5D742005FAB9E /* Convenient.swift in Sources */,
				DA2501BD20E4BD65007F80FC /* CancelableDelay.swift in Sources */,
				DAD023A021305D7F00D587F1 /* ImageCell.swift in Sources */,
				DA1D5E52200C833A00BEE807 /* TimeLineVC.swift in Sources */,
				DA1D5E6A2015F28C00BEE807 /* NotificationCenterX.swift in Sources */,
				DA5A04CB21141ECF00801C83 /* Int+Extensions.swift in Sources */,
				DA5A04D221141ECF00801C83 /* SKTAudio.swift in Sources */,
				DAD023AE2134025800D587F1 /* ArticleDetailVC.swift in Sources */,
				DA0CFAA620E36AC60028861B /* ChatChoiceCell.swift in Sources */,
				DA27C3DD2029A90C005DD70C /* Defaults.swift in Sources */,
			);
			runOnlyForDeploymentPostprocessing = 0;
		};
/* End PBXSourcesBuildPhase section */

/* Begin PBXVariantGroup section */
		DA1D5E3B200742B000BEE807 /* Main.storyboard */ = {
			isa = PBXVariantGroup;
			children = (
				DA1D5E3C200742B000BEE807 /* Base */,
			);
			name = Main.storyboard;
			sourceTree = "<group>";
		};
		DA1D5E40200742B000BEE807 /* LaunchScreen.storyboard */ = {
			isa = PBXVariantGroup;
			children = (
				DA1D5E41200742B000BEE807 /* Base */,
			);
			name = LaunchScreen.storyboard;
			sourceTree = "<group>";
		};
/* End PBXVariantGroup section */

/* Begin XCBuildConfiguration section */
		DA1D5E44200742B000BEE807 /* Debug */ = {
			isa = XCBuildConfiguration;
			buildSettings = {
				ALWAYS_SEARCH_USER_PATHS = NO;
				CLANG_ANALYZER_NONNULL = YES;
				CLANG_ANALYZER_NUMBER_OBJECT_CONVERSION = YES_AGGRESSIVE;
				CLANG_CXX_LANGUAGE_STANDARD = "gnu++14";
				CLANG_CXX_LIBRARY = "libc++";
				CLANG_ENABLE_MODULES = YES;
				CLANG_ENABLE_OBJC_ARC = YES;
				CLANG_WARN_BLOCK_CAPTURE_AUTORELEASING = YES;
				CLANG_WARN_BOOL_CONVERSION = YES;
				CLANG_WARN_COMMA = YES;
				CLANG_WARN_CONSTANT_CONVERSION = YES;
				CLANG_WARN_DIRECT_OBJC_ISA_USAGE = YES_ERROR;
				CLANG_WARN_DOCUMENTATION_COMMENTS = YES;
				CLANG_WARN_EMPTY_BODY = YES;
				CLANG_WARN_ENUM_CONVERSION = YES;
				CLANG_WARN_INFINITE_RECURSION = YES;
				CLANG_WARN_INT_CONVERSION = YES;
				CLANG_WARN_NON_LITERAL_NULL_CONVERSION = YES;
				CLANG_WARN_OBJC_LITERAL_CONVERSION = YES;
				CLANG_WARN_OBJC_ROOT_CLASS = YES_ERROR;
				CLANG_WARN_RANGE_LOOP_ANALYSIS = YES;
				CLANG_WARN_STRICT_PROTOTYPES = YES;
				CLANG_WARN_SUSPICIOUS_MOVE = YES;
				CLANG_WARN_UNGUARDED_AVAILABILITY = YES_AGGRESSIVE;
				CLANG_WARN_UNREACHABLE_CODE = YES;
				CLANG_WARN__DUPLICATE_METHOD_MATCH = YES;
				CODE_SIGN_IDENTITY = "iPhone Developer";
				COPY_PHASE_STRIP = NO;
				DEBUG_INFORMATION_FORMAT = dwarf;
				ENABLE_STRICT_OBJC_MSGSEND = YES;
				ENABLE_TESTABILITY = YES;
				GCC_C_LANGUAGE_STANDARD = gnu11;
				GCC_DYNAMIC_NO_PIC = NO;
				GCC_NO_COMMON_BLOCKS = YES;
				GCC_OPTIMIZATION_LEVEL = 0;
				GCC_PREPROCESSOR_DEFINITIONS = (
					"DEBUG=1",
					"$(inherited)",
				);
				GCC_WARN_64_TO_32_BIT_CONVERSION = YES;
				GCC_WARN_ABOUT_RETURN_TYPE = YES_ERROR;
				GCC_WARN_UNDECLARED_SELECTOR = YES;
				GCC_WARN_UNINITIALIZED_AUTOS = YES_AGGRESSIVE;
				GCC_WARN_UNUSED_FUNCTION = YES;
				GCC_WARN_UNUSED_VARIABLE = YES;
				IPHONEOS_DEPLOYMENT_TARGET = 11.2;
				MTL_ENABLE_DEBUG_INFO = YES;
				ONLY_ACTIVE_ARCH = YES;
				SDKROOT = iphoneos;
				SWIFT_ACTIVE_COMPILATION_CONDITIONS = DEBUG;
				SWIFT_OPTIMIZATION_LEVEL = "-Onone";
			};
			name = Debug;
		};
		DA1D5E45200742B000BEE807 /* Release */ = {
			isa = XCBuildConfiguration;
			buildSettings = {
				ALWAYS_SEARCH_USER_PATHS = NO;
				CLANG_ANALYZER_NONNULL = YES;
				CLANG_ANALYZER_NUMBER_OBJECT_CONVERSION = YES_AGGRESSIVE;
				CLANG_CXX_LANGUAGE_STANDARD = "gnu++14";
				CLANG_CXX_LIBRARY = "libc++";
				CLANG_ENABLE_MODULES = YES;
				CLANG_ENABLE_OBJC_ARC = YES;
				CLANG_WARN_BLOCK_CAPTURE_AUTORELEASING = YES;
				CLANG_WARN_BOOL_CONVERSION = YES;
				CLANG_WARN_COMMA = YES;
				CLANG_WARN_CONSTANT_CONVERSION = YES;
				CLANG_WARN_DIRECT_OBJC_ISA_USAGE = YES_ERROR;
				CLANG_WARN_DOCUMENTATION_COMMENTS = YES;
				CLANG_WARN_EMPTY_BODY = YES;
				CLANG_WARN_ENUM_CONVERSION = YES;
				CLANG_WARN_INFINITE_RECURSION = YES;
				CLANG_WARN_INT_CONVERSION = YES;
				CLANG_WARN_NON_LITERAL_NULL_CONVERSION = YES;
				CLANG_WARN_OBJC_LITERAL_CONVERSION = YES;
				CLANG_WARN_OBJC_ROOT_CLASS = YES_ERROR;
				CLANG_WARN_RANGE_LOOP_ANALYSIS = YES;
				CLANG_WARN_STRICT_PROTOTYPES = YES;
				CLANG_WARN_SUSPICIOUS_MOVE = YES;
				CLANG_WARN_UNGUARDED_AVAILABILITY = YES_AGGRESSIVE;
				CLANG_WARN_UNREACHABLE_CODE = YES;
				CLANG_WARN__DUPLICATE_METHOD_MATCH = YES;
				CODE_SIGN_IDENTITY = "iPhone Developer";
				COPY_PHASE_STRIP = NO;
				DEBUG_INFORMATION_FORMAT = "dwarf-with-dsym";
				ENABLE_NS_ASSERTIONS = NO;
				ENABLE_STRICT_OBJC_MSGSEND = YES;
				GCC_C_LANGUAGE_STANDARD = gnu11;
				GCC_NO_COMMON_BLOCKS = YES;
				GCC_WARN_64_TO_32_BIT_CONVERSION = YES;
				GCC_WARN_ABOUT_RETURN_TYPE = YES_ERROR;
				GCC_WARN_UNDECLARED_SELECTOR = YES;
				GCC_WARN_UNINITIALIZED_AUTOS = YES_AGGRESSIVE;
				GCC_WARN_UNUSED_FUNCTION = YES;
				GCC_WARN_UNUSED_VARIABLE = YES;
				IPHONEOS_DEPLOYMENT_TARGET = 11.2;
				MTL_ENABLE_DEBUG_INFO = NO;
				SDKROOT = iphoneos;
				SWIFT_OPTIMIZATION_LEVEL = "-Owholemodule";
				VALIDATE_PRODUCT = YES;
			};
			name = Release;
		};
		DA1D5E47200742B000BEE807 /* Debug */ = {
			isa = XCBuildConfiguration;
			baseConfigurationReference = 297FA7280375B1A4728F0C99 /* Pods-BeaconScience.debug.xcconfig */;
			buildSettings = {
				ASSETCATALOG_COMPILER_APPICON_NAME = AppIcon;
				CODE_SIGN_STYLE = Automatic;
				DEVELOPMENT_TEAM = LMN4QCWJBN;
				INFOPLIST_FILE = "$(SRCROOT)/BeaconScience/Architecture/Info.plist";
				IPHONEOS_DEPLOYMENT_TARGET = 10.0;
				LD_RUNPATH_SEARCH_PATHS = "$(inherited) @executable_path/Frameworks";
				PRODUCT_BUNDLE_IDENTIFIER = Xtuphe.BeaconScience;
				PRODUCT_NAME = "$(TARGET_NAME)";
				SWIFT_VERSION = 4.0;
				TARGETED_DEVICE_FAMILY = "1,2";
			};
			name = Debug;
		};
		DA1D5E48200742B000BEE807 /* Release */ = {
			isa = XCBuildConfiguration;
			baseConfigurationReference = FF665B0156DEB42B76A78349 /* Pods-BeaconScience.release.xcconfig */;
			buildSettings = {
				ASSETCATALOG_COMPILER_APPICON_NAME = AppIcon;
				CODE_SIGN_STYLE = Automatic;
				DEVELOPMENT_TEAM = LMN4QCWJBN;
				INFOPLIST_FILE = "$(SRCROOT)/BeaconScience/Architecture/Info.plist";
				IPHONEOS_DEPLOYMENT_TARGET = 10.0;
				LD_RUNPATH_SEARCH_PATHS = "$(inherited) @executable_path/Frameworks";
				PRODUCT_BUNDLE_IDENTIFIER = Xtuphe.BeaconScience;
				PRODUCT_NAME = "$(TARGET_NAME)";
				SWIFT_VERSION = 4.0;
				TARGETED_DEVICE_FAMILY = "1,2";
			};
			name = Release;
		};
/* End XCBuildConfiguration section */

/* Begin XCConfigurationList section */
		DA1D5E2D200742B000BEE807 /* Build configuration list for PBXProject "BeaconScience" */ = {
			isa = XCConfigurationList;
			buildConfigurations = (
				DA1D5E44200742B000BEE807 /* Debug */,
				DA1D5E45200742B000BEE807 /* Release */,
			);
			defaultConfigurationIsVisible = 0;
			defaultConfigurationName = Release;
		};
		DA1D5E46200742B000BEE807 /* Build configuration list for PBXNativeTarget "BeaconScience" */ = {
			isa = XCConfigurationList;
			buildConfigurations = (
				DA1D5E47200742B000BEE807 /* Debug */,
				DA1D5E48200742B000BEE807 /* Release */,
			);
			defaultConfigurationIsVisible = 0;
			defaultConfigurationName = Release;
		};
/* End XCConfigurationList section */
	};
	rootObject = DA1D5E2A200742B000BEE807 /* Project object */;
}
